PODS:
  - AFNetworking (3.2.1):
    - AFNetworking/NSURLSession (= 3.2.1)
    - AFNetworking/Reachability (= 3.2.1)
    - AFNetworking/Security (= 3.2.1)
    - AFNetworking/Serialization (= 3.2.1)
    - AFNetworking/UIKit (= 3.2.1)
  - AFNetworking/NSURLSession (3.2.1):
    - AFNetworking/Reachability
    - AFNetworking/Security
    - AFNetworking/Serialization
  - AFNetworking/Reachability (3.2.1)
  - AFNetworking/Security (3.2.1)
  - AFNetworking/Serialization (3.2.1)
  - AFNetworking/UIKit (3.2.1):
    - AFNetworking/NSURLSession
  - BRPickerView (2.7.3):
    - BRPickerView/AddressPickerView (= 2.7.3)
    - BRPickerView/Base (= 2.7.3)
    - BRPickerView/DatePickerView (= 2.7.3)
    - BRPickerView/StringPickerView (= 2.7.3)
  - BRPickerView/AddressPickerView (2.7.3):
    - BRPickerView/Base
  - BRPickerView/Base (2.7.3)
  - BRPickerView/DatePickerView (2.7.3):
    - BRPickerView/Base
  - BRPickerView/StringPickerView (2.7.3):
    - BRPickerView/Base
  - Bugly (2.5.71)
  - CocoaAsyncSocket (7.6.4)
  - dsBridge (3.0.203)
  - HXPhotoPicker (2.4.2)
  - IQKeyboardManager (6.5.6)
  - JKCategories (1.7)
  - lottie-ios (2.5.3)
  - Masonry (1.1.0)
  - MBProgressHUD (0.9.2)
  - MJRefresh (3.1.15.3)
  - MMKV (1.2.3):
    - MMKVCore (~> 1.2.3)
  - MMKVCore (1.2.3)
  - MQTTClient (0.15.2):
    - MQTTClient/Core (= 0.15.2)
  - MQTTClient/Core (0.15.2):
    - MQTTClient/Manager
    - MQTTClient/Min
  - MQTTClient/Manager (0.15.2):
    - MQTTClient/Min
  - MQTTClient/Min (0.15.2)
  - OpenSSL-Universal (1.0.2.17)
  - Reachability (3.2)
  - SDWebImage (5.9.3):
    - SDWebImage/Core (= 5.9.3)
  - SDWebImage/Core (5.9.3)
  - SGQRCode (3.0.1)
  - TuyaCameraSDK (3.17.3)
  - TuyaSmartActivatorKit (3.19.1):
    - TuyaSmartDeviceKit (>= 3.19.0)
  - TuyaSmartBaseKit (3.19.2):
    - TuyaSmartUtil (>= 3.19.0)
    - YYModel
  - TuyaSmartBizCore (3.17.6.3):
    - TuyaSmartBaseKit
    - TYFoundationKit
    - TYModuleManager
    - TYModuleServices
    - TYOEMConfig
    - TYSmartBusinessLibrary
  - TuyaSmartBLEKit (3.19.0):
    - TuyaSmartActivatorKit (>= 3.19.0)
    - TuyaSmartBaseKit (>= 3.19.0)
    - TuyaSmartDeviceKit (>= 3.19.0)
    - TYBluetooth
  - TuyaSmartBLEMeshKit (3.19.2):
    - OpenSSL-Universal (= 1.0.2.17)
    - TuyaSmartActivatorKit (>= 3.19.0)
    - TuyaSmartBaseKit (>= 3.19.0)
    - TuyaSmartBLEKit (>= 3.19.0)
    - TuyaSmartDeviceKit (>= 3.19.0)
    - TYBluetooth
  - TuyaSmartCameraBase (4.17.0)
  - TuyaSmartCameraKit (4.17.1):
    - TuyaSmartBaseKit
    - TuyaSmartCameraBase
    - TuyaSmartCameraM
    - TuyaSmartDeviceKit
  - TuyaSmartCameraM (4.17.3):
    - TuyaCameraSDK
    - TuyaSmartBaseKit
    - TuyaSmartCameraBase
    - TuyaSmartDeviceKit
  - TuyaSmartDeviceCoreKit (3.19.1):
    - TuyaSmartBaseKit (>= 3.19.0)
    - TuyaSmartMQTTChannelKit (>= 3.19.0)
    - TuyaSmartSocketChannelKit (>= 3.19.0)
  - TuyaSmartDeviceKit (3.19.4):
    - TuyaSmartBaseKit (>= 3.19.0)
    - TuyaSmartDeviceCoreKit (>= 3.19.0)
  - TuyaSmartFeedbackKit (3.15.0):
    - TuyaSmartBaseKit
  - TuyaSmartHelpCenterBizBundle (3.17.0.2.5):
    - CocoaAsyncSocket
    - dsBridge
    - lottie-ios
    - Masonry
    - MBProgressHUD
    - MJRefresh
    - MMKV
    - Reachability
    - SDWebImage
    - SDWebImage/Core
    - TuyaSmartBaseKit
    - TuyaSmartBizCore
    - TuyaSmartDeviceKit
    - TuyaSmartUtil
    - TYBaseDebugger (= 0.2.0)
    - TYBlockKit (= 0.0.4)
    - TYCommonDebugger (= 0.2.2)
    - TYConfigHub (= 1.0.5)
    - TYDomainQueryModule
    - TYEncryptImage (= 1.2.3.bizBundle.3.17.6)
    - TYFoundationKit (= 1.10.3)
    - TYHelpCenterModule (= 0.0.2)
    - TYHybridContainer (= 1.2.9.bizbundle.3.17.0)
    - TYKVStorageLibrary (= 0.5.0)
    - TYLogMacro (= 0.0.2)
    - TYModuleManager (= 2.10.0.bizbundle.3.17.6.1)
    - TYModuleServices (= 2.8.12.bizbundle.3.17.0.12.1)
    - TYNavigationController (= 1.10.1)
    - TYOEMConfig (= 1.13.0.bizbundle.3.17.6.1)
    - TYPhotoBrowser (= 1.1.1)
    - TYReleaseDebugger (= 0.5.0)
    - TYSmartBusinessLibrary (= 3.17.5.bizbundle.3.17.0.4)
    - TYSmartEventPredefined (= 1.2.34)
    - TYSocketPing (= 1.0.0)
    - TYUIKit (= 1.10.2)
    - TYVideoPlayer (= 2.0.1)
    - UICKeyChainStore
    - YYModel
  - TuyaSmartHomeKit (3.17.6):
    - TuyaSmartActivatorKit
    - TuyaSmartBaseKit
    - TuyaSmartBLEKit
    - TuyaSmartBLEMeshKit
    - TuyaSmartDeviceKit
    - TuyaSmartFeedbackKit
    - TuyaSmartMessageKit
    - TuyaSmartMQTTChannelKit
    - TuyaSmartSceneKit
    - TuyaSmartSocketChannelKit
    - TuyaSmartTimerKit
  - TuyaSmartMessageKit (3.18.0):
    - TuyaSmartBaseKit
  - TuyaSmartMQTTChannelKit (3.19.1):
    - MQTTClient (= 0.15.2)
    - TuyaSmartBaseKit (>= 3.19.0)
    - TuyaSmartQUIC
  - TuyaSmartQUIC (1.1.1)
  - TuyaSmartSceneKit (3.19.1):
    - TuyaSmartBaseKit (>= 3.19.0)
    - TuyaSmartDeviceKit (>= 3.19.0)
  - TuyaSmartSocketChannelKit (3.19.0):
    - CocoaAsyncSocket
    - TuyaSmartBaseKit (>= 3.19.0)
  - TuyaSmartTimerKit (3.18.3):
    - TuyaSmartBaseKit
    - TuyaSmartDeviceKit
  - TuyaSmartUtil (3.19.0)
  - TYBaseDebugger (0.2.0):
    - Masonry
    - TYUIKit
  - TYBlockKit (0.0.4)
  - TYBluetooth (3.17.0)
  - TYCommonDebugger (0.2.2):
    - CocoaAsyncSocket
    - TuyaSmartDeviceKit
    - TYBaseDebugger
    - TYFoundationKit
    - TYLogMacro
    - TYOEMConfig
    - TYSocketPing
  - TYConfigHub (1.0.5):
    - TuyaSmartBaseKit
    - TuyaSmartUtil
    - TYBlockKit
    - TYFoundationKit
    - TYModuleManager
    - TYModuleServices
    - TYSmartEventPredefined
    - YYModel
  - TYDomainQueryModule (0.2.0):
    - TuyaSmartBaseKit
    - TYFoundationKit
    - TYKVStorageLibrary
    - TYModuleManager
    - TYModuleServices
    - TYSmartBusinessLibrary
  - TYEncryptImage (1.2.3.bizBundle.3.17.6):
    - TYFoundationKit
  - TYFoundationKit (1.10.3):
    - Reachability
  - TYHelpCenterModule (0.0.2):
    - TYDomainQueryModule
    - TYFoundationKit
    - TYHybridContainer
    - TYModuleManager
    - TYModuleServices
  - TYHybridContainer (1.2.9.bizbundle.3.17.0):
    - dsBridge
    - MBProgressHUD (~> 0.9.2)
    - TYBaseDebugger
    - TYConfigHub
    - TYKVStorageLibrary
    - TYModuleManager
    - TYModuleServices
    - TYNavigationController
    - TYPhotoBrowser
    - TYSmartBusinessLibrary
    - TYUIKit
    - TYVideoPlayer
  - TYKVStorageLibrary (0.5.0):
    - MMKV
    - TuyaSmartBaseKit
    - UICKeyChainStore
  - TYLogMacro (0.0.2)
  - TYModuleManager (2.10.0.bizbundle.3.17.6.1)
  - TYModuleServices (2.8.12.bizbundle.3.17.0.12.1)
  - TYNavigationController (1.10.1):
    - TYUIKit
  - TYOEMConfig (1.13.0.bizbundle.3.17.6.1):
    - TYFoundationKit
    - TYUIKit
    - YYModel
  - TYPhotoBrowser (1.1.1):
    - SDWebImage
    - TYEncryptImage
    - TYUIKit
  - TYReleaseDebugger (0.5.0):
    - Masonry
    - TuyaSmartBaseKit
    - TYBaseDebugger
    - TYCommonDebugger
    - TYFoundationKit
    - TYModuleManager
    - TYModuleServices
    - TYSmartBusinessLibrary
    - TYUIKit
  - TYSmartBusinessLibrary (3.17.5.bizbundle.3.17.0.4):
    - lottie-ios (~> 2.0)
    - Masonry
    - MBProgressHUD (~> 0.9)
    - MJRefresh
    - Reachability
    - TuyaSmartBaseKit
    - TYBlockKit
    - TYFoundationKit
    - TYKVStorageLibrary
    - TYLogMacro
    - TYNavigationController
    - TYOEMConfig
    - TYUIKit
  - TYSmartEventPredefined (1.2.34)
  - TYSocketPing (1.0.0):
    - TuyaSmartBaseKit
  - TYUIKit (1.10.2):
    - Masonry
  - TYVideoPlayer (2.0.1):
    - Masonry
    - TYFoundationKit
    - TYSmartBusinessLibrary
  - UICKeyChainStore (2.2.1)
  - UMCCommon (7.2.2)
  - UMCPush (3.3.1):
    - UMCCommon
  - UMCSecurityPlugins (1.0.6)
  - WMPlayer (5.1.0):
    - Masonry
  - WMZPageController (1.3.0)
  - YYCache (1.0.4)
  - YYImage (1.0.4):
    - YYImage/Core (= 1.0.4)
  - YYImage/Core (1.0.4)
  - YYModel (1.0.4)
  - YYWebImage (1.0.5):
    - YYCache
    - YYImage

DEPENDENCIES:
  - AFNetworking (= 3.2.1)
  - BRPickerView
  - Bugly
  - HXPhotoPicker (= 2.4.2)
  - IQKeyboardManager
  - JKCategories (= 1.7)
  - Masonry
  - MJRefresh (= 3.1.15.3)
  - SGQRCode (~> 3.0.1)
  - TuyaSmartActivatorKit
  - TuyaSmartCameraKit
  - TuyaSmartHelpCenterBizBundle
  - TuyaSmartHomeKit
  - UMCCommon
  - UMCPush
  - UMCSecurityPlugins
  - WMPlayer (from `https://github.com/zhengwenming/WMPlayer.git`)
  - WMZPageController
  - YYWebImage (~> 1.0.5)

SPEC REPOS:
  https://github.com/CocoaPods/Specs.git:
    - lottie-ios
    - MBProgressHUD
    - MJRefresh
    - TuyaSmartActivatorKit
    - TuyaSmartBaseKit
    - TuyaSmartBLEKit
    - TuyaSmartDeviceKit
    - TuyaSmartMQTTChannelKit
    - TuyaSmartSocketChannelKit
    - TuyaSmartUtil
  https://github.com/TuyaInc/TuyaPublicSpecs.git:
    - dsBridge
    - TuyaSmartBizCore
    - TuyaSmartHelpCenterBizBundle
    - TYBaseDebugger
    - TYBlockKit
    - TYCommonDebugger
    - TYConfigHub
    - TYDomainQueryModule
    - TYEncryptImage
    - TYFoundationKit
    - TYHelpCenterModule
    - TYHybridContainer
    - TYKVStorageLibrary
    - TYLogMacro
    - TYModuleManager
    - TYModuleServices
    - TYNavigationController
    - TYOEMConfig
    - TYPhotoBrowser
    - TYReleaseDebugger
    - TYSmartBusinessLibrary
    - TYSmartEventPredefined
    - TYSocketPing
    - TYUIKit
    - TYVideoPlayer
  trunk:
    - AFNetworking
    - BRPickerView
    - Bugly
    - CocoaAsyncSocket
    - HXPhotoPicker
    - IQKeyboardManager
    - JKCategories
    - Masonry
    - MMKV
    - MMKVCore
    - MQTTClient
    - OpenSSL-Universal
    - Reachability
    - SDWebImage
    - SGQRCode
    - TuyaCameraSDK
    - TuyaSmartBLEMeshKit
    - TuyaSmartCameraBase
    - TuyaSmartCameraKit
    - TuyaSmartCameraM
    - TuyaSmartDeviceCoreKit
    - TuyaSmartFeedbackKit
    - TuyaSmartHomeKit
    - TuyaSmartMessageKit
    - TuyaSmartQUIC
    - TuyaSmartSceneKit
    - TuyaSmartTimerKit
    - TYBluetooth
    - UICKeyChainStore
    - UMCCommon
    - UMCPush
    - UMCSecurityPlugins
    - WMZPageController
    - YYCache
    - YYImage
    - YYModel
    - YYWebImage

EXTERNAL SOURCES:
  WMPlayer:
    :git: https://github.com/zhengwenming/WMPlayer.git

CHECKOUT OPTIONS:
  WMPlayer:
    :commit: c6d3ddf64b8b9172e89e6a8ea79ed52ba6d8e353
    :git: https://github.com/zhengwenming/WMPlayer.git

SPEC CHECKSUMS:
  AFNetworking: b6f891fdfaed196b46c7a83cf209e09697b94057
  BRPickerView: 9cc11880ac79c4872d081ccb88f306224c1501d7
  Bugly: fd066c75c4a0eca1440f9b6a84bd37d51bfc85ac
  CocoaAsyncSocket: 694058e7c0ed05a9e217d1b3c7ded962f4180845
  dsBridge: f7698ec8790017bec8be7764b17fbdbc90c3c4bb
  HXPhotoPicker: 0b0751fe5d64271edefcd5cc4ffa9b6300ca58b7
  IQKeyboardManager: 2a6e97afdafc7becf0cb17a9a8d795e3a980717f
  JKCategories: 5136d903ed6a17e700cac984db9fc9dcfaad2954
  lottie-ios: a50d5c0160425cd4b01b852bb9578963e6d92d31
  Masonry: 678fab65091a9290e40e2832a55e7ab731aad201
  MBProgressHUD: 1569cf7ace17a8bac47aabfbb8580a49690386d1
  MJRefresh: b48380ae2b927b46c4ef000de9adb8dc748e1df7
  MMKV: 5351abd616fb26406f7025dbc686658b43ade021
  MMKVCore: cfdf65c5c285b58f85dae0cd31ddfa2f41668e54
  MQTTClient: 902c7bcac1501595f3d0b15178c7205b40331fb0
  OpenSSL-Universal: ff04c2e6befc3f1247ae039e60c93f76345b3b5a
  Reachability: 33e18b67625424e47b6cde6d202dce689ad7af96
  SDWebImage: a31ee8e90a97303529e03fb0c333eae0eacb88e9
  SGQRCode: bf02d60e18d6660a9d75ff1c8b9b467f064f054e
  TuyaCameraSDK: 04056efc44f06d5eabdf693989e6d7ba7c84c189
  TuyaSmartActivatorKit: 761b6785aab18d1cb2727caa87c3db1777b3f475
  TuyaSmartBaseKit: bdf0e1eca3e071096cf66886f2a01d1b930413d3
  TuyaSmartBizCore: b4be6a15cb1c04a7a027b90a34cc6f13a1881a3a
  TuyaSmartBLEKit: 2b41736596d2256c708b98f097f746112e566c67
  TuyaSmartBLEMeshKit: 18edb11d710f401695bcd5a778c5ff77e3fe093a
  TuyaSmartCameraBase: eeed37caf4a6489a507f8b2f0c4510d210a536ec
  TuyaSmartCameraKit: f7609fd0ae5cebf21b823fbd6ca21812ac347a1d
  TuyaSmartCameraM: e98946f83e1f6249f3f233c6499330768f0123b3
  TuyaSmartDeviceCoreKit: b7aa783831e50f9ab31f1062da9d4a67367d2035
  TuyaSmartDeviceKit: 467fa2e89eedc745bad8fd65ae3df51023b71010
  TuyaSmartFeedbackKit: 88101dccbeeb1a17a93f2ee72bd9ae84d9ce7eb4
  TuyaSmartHelpCenterBizBundle: c031b9f9df7c666c7af63032b10d6fe43ee350f2
  TuyaSmartHomeKit: 8485c877647fe12ecafbfca7a70f27c95daa715b
  TuyaSmartMessageKit: a20c5992dfebb90e4942da780a799fea89beb589
  TuyaSmartMQTTChannelKit: 0323297ea3ff2446e8c0db8d794c2302c0246983
  TuyaSmartQUIC: 5bb81563fedf5b739ac50a5abbf42ec807cfb64b
  TuyaSmartSceneKit: dfafde4a50aed8d22cde236632a125e988a77505
  TuyaSmartSocketChannelKit: 9114f88b361a6df55f2cfde22f02ec6bffa07c2e
  TuyaSmartTimerKit: 553d915a4cc8d2a6acf21903b24aec2ef9b20aaa
  TuyaSmartUtil: 6c9da514ce8a3bc02478180c27b9e3d76a66e14c
  TYBaseDebugger: 793f2692d931e205fef2aef38837545a402865c5
  TYBlockKit: af5c9cc70f3c23247e925e9fda0b8d8f4c354940
  TYBluetooth: 0741669a99673b1de97365fb7584eaee75db2bdd
  TYCommonDebugger: b5367a8f3300390d333065be6ddc375370b3155d
  TYConfigHub: 0ee04f0d28d40ab5895855f1018db01c921f4124
  TYDomainQueryModule: 9a9cccfcfcc5287cd05a4f972fe9fd89682d1199
  TYEncryptImage: 22b4926d98ce877b2f89519b8e7fb6e662e3c39d
  TYFoundationKit: e90650d9d83389b9e5ad22fa66fd751ae7808582
  TYHelpCenterModule: de90c0036b0d6ca48f9d9b31f4c238f585cc46a4
  TYHybridContainer: 3f419d828eac3d176d14efd0c0bc75c9f6de7ebd
  TYKVStorageLibrary: 91437597f30c1e30a157c59cbe81f2ca409d08b0
  TYLogMacro: 25fbb6de3cabd6b3b3d2f547ae3e09944f139cdd
  TYModuleManager: f9a94ed23b1b6874507d211813f544aff71bacb8
  TYModuleServices: a684ac3f1f47b6263a7607daff76ac404f7ad7e2
  TYNavigationController: f2bb80888f57ab25951737b91a12a2ee197f996e
  TYOEMConfig: a9154a6f9fd4004ca569d268dacf2e68b5200d97
  TYPhotoBrowser: cbd5e7757da8d017699c5fb1632effb8eeb1f191
  TYReleaseDebugger: 77e8026df106c5ee2ed621ea9dbc7430b7ebc992
  TYSmartBusinessLibrary: 96f74eb30b4c8a0848e97e6cd4752da245c9e69c
  TYSmartEventPredefined: 8ae197319b8161c3b1dad3c78d69ef72f6c94665
  TYSocketPing: ef729e8600df7fe5153668696555135aa2e93113
  TYUIKit: 422e309dbe553e2371025a1a9210cec43f2f347f
  TYVideoPlayer: 3469dce3d20e29a2dfe5d8f8e07b1f1474755b7e
  UICKeyChainStore: ba3bff2c762b12db1e516f395c837dd25298b05e
  UMCCommon: 15e5311b00c7ff6e6ffb1f5c965651373b6b2b3c
  UMCPush: af977ec99bbf34558825e907c58f6b76f6c7f897
  UMCSecurityPlugins: 0831a08f3988f3cea9f1d3a7626cd9bee4fef150
  WMPlayer: aa27d59db872e897581e1fd335e59fbccf5a6f17
  WMZPageController: b091a235c35fa1676a887440e5293f855ef2d55b
  YYCache: 8105b6638f5e849296c71f331ff83891a4942952
  YYImage: 1e1b62a9997399593e4b9c4ecfbbabbf1d3f3b54
  YYModel: 2a7fdd96aaa4b86a824e26d0c517de8928c04b30
  YYWebImage: 5f7f36aee2ae293f016d418c7d6ba05c4863e928

PODFILE CHECKSUM: effa89c720babc2a5d90379d1dd88b7a9eb40f8e

COCOAPODS: 1.9.1
